
Microsoft Visual Studio Solution File, Format Version 12.00
# Visual Studio Version 16
VisualStudioVersion = 16.0.30114.105
MinimumVisualStudioVersion = 10.0.40219.1
Project("{FAE04EC0-301F-11D3-BF4B-00C04F79EFBC}") = "API", "API\API.csproj", "{78CA5AB8-84E6-4DBF-9BE8-848F563BE182}"
EndProject
Project("{FAE04EC0-301F-11D3-BF4B-00C04F79EFBC}") = "Core", "Core\Core.csproj", "{A48C6652-54C4-4C5B-AB5E-6DDBE55561A7}"
EndProject
Project("{FAE04EC0-301F-11D3-BF4B-00C04F79EFBC}") = "Infrastructure", "Infrastructure\Infrastructure.csproj", "{02A4E535-B51E-47B3-9E94-54B52A40A4D0}"
EndProject
Global
	GlobalSection(SolutionConfigurationPlatforms) = preSolution
		Debug|Any CPU = Debug|Any CPU
		Debug|x64 = Debug|x64
		Debug|x86 = Debug|x86
		Release|Any CPU = Release|Any CPU
		Release|x64 = Release|x64
		Release|x86 = Release|x86
	EndGlobalSection
	GlobalSection(SolutionProperties) = preSolution
		HideSolutionNode = FALSE
	EndGlobalSection
	GlobalSection(ProjectConfigurationPlatforms) = postSolution
		{78CA5AB8-84E6-4DBF-9BE8-848F563BE182}.Debug|Any CPU.ActiveCfg = Debug|Any CPU
		{78CA5AB8-84E6-4DBF-9BE8-848F563BE182}.Debug|Any CPU.Build.0 = Debug|Any CPU
		{78CA5AB8-84E6-4DBF-9BE8-848F563BE182}.Debug|x64.ActiveCfg = Debug|Any CPU
		{78CA5AB8-84E6-4DBF-9BE8-848F563BE182}.Debug|x64.Build.0 = Debug|Any CPU
		{78CA5AB8-84E6-4DBF-9BE8-848F563BE182}.Debug|x86.ActiveCfg = Debug|Any CPU
		{78CA5AB8-84E6-4DBF-9BE8-848F563BE182}.Debug|x86.Build.0 = Debug|Any CPU
		{78CA5AB8-84E6-4DBF-9BE8-848F563BE182}.Release|Any CPU.ActiveCfg = Release|Any CPU
		{78CA5AB8-84E6-4DBF-9BE8-848F563BE182}.Release|Any CPU.Build.0 = Release|Any CPU
		{78CA5AB8-84E6-4DBF-9BE8-848F563BE182}.Release|x64.ActiveCfg = Release|Any CPU
		{78CA5AB8-84E6-4DBF-9BE8-848F563BE182}.Release|x64.Build.0 = Release|Any CPU
		{78CA5AB8-84E6-4DBF-9BE8-848F563BE182}.Release|x86.ActiveCfg = Release|Any CPU
		{78CA5AB8-84E6-4DBF-9BE8-848F563BE182}.Release|x86.Build.0 = Release|Any CPU
		{A48C6652-54C4-4C5B-AB5E-6DDBE55561A7}.Debug|Any CPU.ActiveCfg = Debug|Any CPU
		{A48C6652-54C4-4C5B-AB5E-6DDBE55561A7}.Debug|Any CPU.Build.0 = Debug|Any CPU
		{A48C6652-54C4-4C5B-AB5E-6DDBE55561A7}.Debug|x64.ActiveCfg = Debug|Any CPU
		{A48C6652-54C4-4C5B-AB5E-6DDBE55561A7}.Debug|x64.Build.0 = Debug|Any CPU
		{A48C6652-54C4-4C5B-AB5E-6DDBE55561A7}.Debug|x86.ActiveCfg = Debug|Any CPU
		{A48C6652-54C4-4C5B-AB5E-6DDBE55561A7}.Debug|x86.Build.0 = Debug|Any CPU
		{A48C6652-54C4-4C5B-AB5E-6DDBE55561A7}.Release|Any CPU.ActiveCfg = Release|Any CPU
		{A48C6652-54C4-4C5B-AB5E-6DDBE55561A7}.Release|Any CPU.Build.0 = Release|Any CPU
		{A48C6652-54C4-4C5B-AB5E-6DDBE55561A7}.Release|x64.ActiveCfg = Release|Any CPU
		{A48C6652-54C4-4C5B-AB5E-6DDBE55561A7}.Release|x64.Build.0 = Release|Any CPU
		{A48C6652-54C4-4C5B-AB5E-6DDBE55561A7}.Release|x86.ActiveCfg = Release|Any CPU
		{A48C6652-54C4-4C5B-AB5E-6DDBE55561A7}.Release|x86.Build.0 = Release|Any CPU
		{02A4E535-B51E-47B3-9E94-54B52A40A4D0}.Debug|Any CPU.ActiveCfg = Debug|Any CPU
		{02A4E535-B51E-47B3-9E94-54B52A40A4D0}.Debug|Any CPU.Build.0 = Debug|Any CPU
		{02A4E535-B51E-47B3-9E94-54B52A40A4D0}.Debug|x64.ActiveCfg = Debug|Any CPU
		{02A4E535-B51E-47B3-9E94-54B52A40A4D0}.Debug|x64.Build.0 = Debug|Any CPU
		{02A4E535-B51E-47B3-9E94-54B52A40A4D0}.Debug|x86.ActiveCfg = Debug|Any CPU
		{02A4E535-B51E-47B3-9E94-54B52A40A4D0}.Debug|x86.Build.0 = Debug|Any CPU
		{02A4E535-B51E-47B3-9E94-54B52A40A4D0}.Release|Any CPU.ActiveCfg = Release|Any CPU
		{02A4E535-B51E-47B3-9E94-54B52A40A4D0}.Release|Any CPU.Build.0 = Release|Any CPU
		{02A4E535-B51E-47B3-9E94-54B52A40A4D0}.Release|x64.ActiveCfg = Release|Any CPU
		{02A4E535-B51E-47B3-9E94-54B52A40A4D0}.Release|x64.Build.0 = Release|Any CPU
		{02A4E535-B51E-47B3-9E94-54B52A40A4D0}.Release|x86.ActiveCfg = Release|Any CPU
		{02A4E535-B51E-47B3-9E94-54B52A40A4D0}.Release|x86.Build.0 = Release|Any CPU
	EndGlobalSection
EndGlobal
